
Microsoft Visual Studio Solution File, Format Version 12.00
# Visual Studio 14
VisualStudioVersion = 14.0.25420.1
MinimumVisualStudioVersion = 10.0.40219.1
Project("{FAE04EC0-301F-11D3-BF4B-00C04F79EFBC}") = "WpfComboBox", "WpfComboBox\WpfComboBox.csproj", "{492995EC-21E7-4871-82F0-B4ED12291700}"
EndProject
Project("{FAE04EC0-301F-11D3-BF4B-00C04F79EFBC}") = "ComboBoxWPFmy", "ComboBoxWPFmy\ComboBoxWPFmy.csproj", "{C588E6CC-1EEF-4EF6-91F5-BCD57B602228}"
EndProject
Project("{FAE04EC0-301F-11D3-BF4B-00C04F79EFBC}") = "DataGridAddButtonAndImageColumns", "DataGridAddButtonAndImageColumns\DataGridAddButtonAndImageColumns\DataGridAddButtonAndImageColumns.csproj", "{D488FB5C-AE45-47D3-8271-E294B32D1B96}"
EndProject
Project("{FAE04EC0-301F-11D3-BF4B-00C04F79EFBC}") = "WpfDataGrid", "WpfDataGrid\WpfDataGrid.csproj", "{DEC43C51-B38A-4C32-BA74-89A9C1DB072B}"
EndProject
Project("{FAE04EC0-301F-11D3-BF4B-00C04F79EFBC}") = "WpfRar", "Rar2\WpfApplicationXMLTest\WpfRar.csproj", "{47D80BE2-A902-4E70-8180-FDB220F1EEC0}"
EndProject
Project("{FAE04EC0-301F-11D3-BF4B-00C04F79EFBC}") = "WpfApplication1", "WpfApplication1\WpfApplication1.csproj", "{4AA81C23-47F8-483D-A4F8-B6BC6FC0E9C2}"
EndProject
Project("{FAE04EC0-301F-11D3-BF4B-00C04F79EFBC}") = "WpfDataTemplate", "WpfDataTemplate\WpfDataTemplate.csproj", "{12923BF2-A110-4436-8D56-246D877316E5}"
EndProject
Project("{FAE04EC0-301F-11D3-BF4B-00C04F79EFBC}") = "IMultiValueConverter", "WpfApplication2\IMultiValueConverter.csproj", "{0EE56EBF-C09E-4C0C-A541-DAB939A3A665}"
EndProject
Project("{FAE04EC0-301F-11D3-BF4B-00C04F79EFBC}") = "ObjectDataProvider", "ObjectDataProvider\ObjectDataProvider.csproj", "{D4F342C6-B530-492A-BCCF-9AFF66A18F17}"
EndProject
Project("{FAE04EC0-301F-11D3-BF4B-00C04F79EFBC}") = "WpfComanding1", "WpfComanding\WpfComanding1.csproj", "{E6FCDFE4-9A92-4B18-BBBB-7DC0CEE316E7}"
EndProject
Project("{FAE04EC0-301F-11D3-BF4B-00C04F79EFBC}") = "WpfComanding2", "WpfComanding2\WpfComanding2.csproj", "{BC6B21B3-1751-4895-BBAE-DABC23134E62}"
EndProject
Global
	GlobalSection(SolutionConfigurationPlatforms) = preSolution
		Debug|Any CPU = Debug|Any CPU
		Release|Any CPU = Release|Any CPU
	EndGlobalSection
	GlobalSection(ProjectConfigurationPlatforms) = postSolution
		{492995EC-21E7-4871-82F0-B4ED12291700}.Debug|Any CPU.ActiveCfg = Debug|Any CPU
		{492995EC-21E7-4871-82F0-B4ED12291700}.Debug|Any CPU.Build.0 = Debug|Any CPU
		{492995EC-21E7-4871-82F0-B4ED12291700}.Release|Any CPU.ActiveCfg = Release|Any CPU
		{492995EC-21E7-4871-82F0-B4ED12291700}.Release|Any CPU.Build.0 = Release|Any CPU
		{C588E6CC-1EEF-4EF6-91F5-BCD57B602228}.Debug|Any CPU.ActiveCfg = Debug|Any CPU
		{C588E6CC-1EEF-4EF6-91F5-BCD57B602228}.Debug|Any CPU.Build.0 = Debug|Any CPU
		{C588E6CC-1EEF-4EF6-91F5-BCD57B602228}.Release|Any CPU.ActiveCfg = Release|Any CPU
		{C588E6CC-1EEF-4EF6-91F5-BCD57B602228}.Release|Any CPU.Build.0 = Release|Any CPU
		{D488FB5C-AE45-47D3-8271-E294B32D1B96}.Debug|Any CPU.ActiveCfg = Debug|Any CPU
		{D488FB5C-AE45-47D3-8271-E294B32D1B96}.Debug|Any CPU.Build.0 = Debug|Any CPU
		{D488FB5C-AE45-47D3-8271-E294B32D1B96}.Release|Any CPU.ActiveCfg = Release|Any CPU
		{D488FB5C-AE45-47D3-8271-E294B32D1B96}.Release|Any CPU.Build.0 = Release|Any CPU
		{DEC43C51-B38A-4C32-BA74-89A9C1DB072B}.Debug|Any CPU.ActiveCfg = Debug|Any CPU
		{DEC43C51-B38A-4C32-BA74-89A9C1DB072B}.Debug|Any CPU.Build.0 = Debug|Any CPU
		{DEC43C51-B38A-4C32-BA74-89A9C1DB072B}.Release|Any CPU.ActiveCfg = Release|Any CPU
		{DEC43C51-B38A-4C32-BA74-89A9C1DB072B}.Release|Any CPU.Build.0 = Release|Any CPU
		{47D80BE2-A902-4E70-8180-FDB220F1EEC0}.Debug|Any CPU.ActiveCfg = Debug|Any CPU
		{47D80BE2-A902-4E70-8180-FDB220F1EEC0}.Debug|Any CPU.Build.0 = Debug|Any CPU
		{47D80BE2-A902-4E70-8180-FDB220F1EEC0}.Release|Any CPU.ActiveCfg = Release|Any CPU
		{47D80BE2-A902-4E70-8180-FDB220F1EEC0}.Release|Any CPU.Build.0 = Release|Any CPU
		{4AA81C23-47F8-483D-A4F8-B6BC6FC0E9C2}.Debug|Any CPU.ActiveCfg = Debug|Any CPU
		{4AA81C23-47F8-483D-A4F8-B6BC6FC0E9C2}.Debug|Any CPU.Build.0 = Debug|Any CPU
		{4AA81C23-47F8-483D-A4F8-B6BC6FC0E9C2}.Release|Any CPU.ActiveCfg = Release|Any CPU
		{4AA81C23-47F8-483D-A4F8-B6BC6FC0E9C2}.Release|Any CPU.Build.0 = Release|Any CPU
		{12923BF2-A110-4436-8D56-246D877316E5}.Debug|Any CPU.ActiveCfg = Debug|Any CPU
		{12923BF2-A110-4436-8D56-246D877316E5}.Debug|Any CPU.Build.0 = Debug|Any CPU
		{12923BF2-A110-4436-8D56-246D877316E5}.Release|Any CPU.ActiveCfg = Release|Any CPU
		{12923BF2-A110-4436-8D56-246D877316E5}.Release|Any CPU.Build.0 = Release|Any CPU
		{0EE56EBF-C09E-4C0C-A541-DAB939A3A665}.Debug|Any CPU.ActiveCfg = Debug|Any CPU
		{0EE56EBF-C09E-4C0C-A541-DAB939A3A665}.Debug|Any CPU.Build.0 = Debug|Any CPU
		{0EE56EBF-C09E-4C0C-A541-DAB939A3A665}.Release|Any CPU.ActiveCfg = Release|Any CPU
		{0EE56EBF-C09E-4C0C-A541-DAB939A3A665}.Release|Any CPU.Build.0 = Release|Any CPU
		{D4F342C6-B530-492A-BCCF-9AFF66A18F17}.Debug|Any CPU.ActiveCfg = Debug|Any CPU
		{D4F342C6-B530-492A-BCCF-9AFF66A18F17}.Debug|Any CPU.Build.0 = Debug|Any CPU
		{D4F342C6-B530-492A-BCCF-9AFF66A18F17}.Release|Any CPU.ActiveCfg = Release|Any CPU
		{D4F342C6-B530-492A-BCCF-9AFF66A18F17}.Release|Any CPU.Build.0 = Release|Any CPU
		{E6FCDFE4-9A92-4B18-BBBB-7DC0CEE316E7}.Debug|Any CPU.ActiveCfg = Debug|Any CPU
		{E6FCDFE4-9A92-4B18-BBBB-7DC0CEE316E7}.Debug|Any CPU.Build.0 = Debug|Any CPU
		{E6FCDFE4-9A92-4B18-BBBB-7DC0CEE316E7}.Release|Any CPU.ActiveCfg = Release|Any CPU
		{E6FCDFE4-9A92-4B18-BBBB-7DC0CEE316E7}.Release|Any CPU.Build.0 = Release|Any CPU
		{BC6B21B3-1751-4895-BBAE-DABC23134E62}.Debug|Any CPU.ActiveCfg = Debug|Any CPU
		{BC6B21B3-1751-4895-BBAE-DABC23134E62}.Debug|Any CPU.Build.0 = Debug|Any CPU
		{BC6B21B3-1751-4895-BBAE-DABC23134E62}.Release|Any CPU.ActiveCfg = Release|Any CPU
		{BC6B21B3-1751-4895-BBAE-DABC23134E62}.Release|Any CPU.Build.0 = Release|Any CPU
	EndGlobalSection
	GlobalSection(SolutionProperties) = preSolution
		HideSolutionNode = FALSE
	EndGlobalSection
EndGlobal
