
Microsoft Visual Studio Solution File, Format Version 10.00
# Visual Studio 2008
Project("{FAE04EC0-301F-11D3-BF4B-00C04F79EFBC}") = "ComboBoxDGWPF", "ComboBoxDGWPF\ComboBoxDGWPF.csproj", "{696992A6-E331-46E5-84F9-AE449C6C5E3A}"
EndProject
Global
	GlobalSection(SolutionConfigurationPlatforms) = preSolution
		Debug|Any CPU = Debug|Any CPU
		Release|Any CPU = Release|Any CPU
	EndGlobalSection
	GlobalSection(ProjectConfigurationPlatforms) = postSolution
		{696992A6-E331-46E5-84F9-AE449C6C5E3A}.Debug|Any CPU.ActiveCfg = Debug|Any CPU
		{696992A6-E331-46E5-84F9-AE449C6C5E3A}.Debug|Any CPU.Build.0 = Debug|Any CPU
		{696992A6-E331-46E5-84F9-AE449C6C5E3A}.Release|Any CPU.ActiveCfg = Release|Any CPU
		{696992A6-E331-46E5-84F9-AE449C6C5E3A}.Release|Any CPU.Build.0 = Release|Any CPU
	EndGlobalSection
	GlobalSection(SolutionProperties) = preSolution
		HideSolutionNode = FALSE
	EndGlobalSection
EndGlobal
